
Microsoft Visual Studio Solution File, Format Version 12.00
Project("{FAE04EC0-301F-11D3-BF4B-00C04F79EFBC}") = "Web", "Web\Web.csproj", "{76D5B5A3-883B-4480-8438-138E127AF865}"
EndProject
Project("{2150E333-8FDC-42A3-9474-1A3956D46DE8}") = "Src", "Src", "{976114BA-EFD2-4562-80EA-E66636A1543D}"
EndProject
Project("{FAE04EC0-301F-11D3-BF4B-00C04F79EFBC}") = "CLI", "CLI\CLI.csproj", "{B71CD32F-45B0-4118-BEA7-34BFB7CC9A6F}"
EndProject
Project("{FAE04EC0-301F-11D3-BF4B-00C04F79EFBC}") = "Domain", "Domain\Domain.csproj", "{AB91B664-9964-4966-AB96-F4B45B99C2F8}"
EndProject
Project("{2150E333-8FDC-42A3-9474-1A3956D46DE8}") = "Tests", "Tests", "{024E4C97-BC6A-4137-8D03-61D7BED3A291}"
EndProject
Project("{FAE04EC0-301F-11D3-BF4B-00C04F79EFBC}") = "Events.Integration", "Events.Integration\Events.Integration.csproj", "{2DD0B88D-CAB7-421D-8B71-4D217B4DD562}"
EndProject
Project("{FAE04EC0-301F-11D3-BF4B-00C04F79EFBC}") = "Integration.Tests", "Test\Integration\Integration.Tests.csproj", "{F24E5AF1-1585-4659-A37C-CAAE212D65D8}"
EndProject
Project("{FAE04EC0-301F-11D3-BF4B-00C04F79EFBC}") = "Unit.Tests", "Unit.Tests\Unit.Tests.csproj", "{B5DCD30F-A319-4C60-BE27-7F9DF88B210B}"
EndProject
Global
	GlobalSection(SolutionConfigurationPlatforms) = preSolution
		Debug|Any CPU = Debug|Any CPU
		Release|Any CPU = Release|Any CPU
	EndGlobalSection
	GlobalSection(ProjectConfigurationPlatforms) = postSolution
		{76D5B5A3-883B-4480-8438-138E127AF865}.Debug|Any CPU.ActiveCfg = Debug|Any CPU
		{76D5B5A3-883B-4480-8438-138E127AF865}.Debug|Any CPU.Build.0 = Debug|Any CPU
		{76D5B5A3-883B-4480-8438-138E127AF865}.Release|Any CPU.ActiveCfg = Release|Any CPU
		{76D5B5A3-883B-4480-8438-138E127AF865}.Release|Any CPU.Build.0 = Release|Any CPU
		{B71CD32F-45B0-4118-BEA7-34BFB7CC9A6F}.Debug|Any CPU.ActiveCfg = Debug|Any CPU
		{B71CD32F-45B0-4118-BEA7-34BFB7CC9A6F}.Debug|Any CPU.Build.0 = Debug|Any CPU
		{B71CD32F-45B0-4118-BEA7-34BFB7CC9A6F}.Release|Any CPU.ActiveCfg = Release|Any CPU
		{B71CD32F-45B0-4118-BEA7-34BFB7CC9A6F}.Release|Any CPU.Build.0 = Release|Any CPU
		{AB91B664-9964-4966-AB96-F4B45B99C2F8}.Debug|Any CPU.ActiveCfg = Debug|Any CPU
		{AB91B664-9964-4966-AB96-F4B45B99C2F8}.Debug|Any CPU.Build.0 = Debug|Any CPU
		{AB91B664-9964-4966-AB96-F4B45B99C2F8}.Release|Any CPU.ActiveCfg = Release|Any CPU
		{AB91B664-9964-4966-AB96-F4B45B99C2F8}.Release|Any CPU.Build.0 = Release|Any CPU
		{2DD0B88D-CAB7-421D-8B71-4D217B4DD562}.Debug|Any CPU.ActiveCfg = Debug|Any CPU
		{2DD0B88D-CAB7-421D-8B71-4D217B4DD562}.Debug|Any CPU.Build.0 = Debug|Any CPU
		{2DD0B88D-CAB7-421D-8B71-4D217B4DD562}.Release|Any CPU.ActiveCfg = Release|Any CPU
		{2DD0B88D-CAB7-421D-8B71-4D217B4DD562}.Release|Any CPU.Build.0 = Release|Any CPU
		{F24E5AF1-1585-4659-A37C-CAAE212D65D8}.Debug|Any CPU.ActiveCfg = Debug|Any CPU
		{F24E5AF1-1585-4659-A37C-CAAE212D65D8}.Debug|Any CPU.Build.0 = Debug|Any CPU
		{F24E5AF1-1585-4659-A37C-CAAE212D65D8}.Release|Any CPU.ActiveCfg = Release|Any CPU
		{F24E5AF1-1585-4659-A37C-CAAE212D65D8}.Release|Any CPU.Build.0 = Release|Any CPU
		{B5DCD30F-A319-4C60-BE27-7F9DF88B210B}.Debug|Any CPU.ActiveCfg = Debug|Any CPU
		{B5DCD30F-A319-4C60-BE27-7F9DF88B210B}.Debug|Any CPU.Build.0 = Debug|Any CPU
		{B5DCD30F-A319-4C60-BE27-7F9DF88B210B}.Release|Any CPU.ActiveCfg = Release|Any CPU
		{B5DCD30F-A319-4C60-BE27-7F9DF88B210B}.Release|Any CPU.Build.0 = Release|Any CPU
	EndGlobalSection
	GlobalSection(NestedProjects) = preSolution
		{76D5B5A3-883B-4480-8438-138E127AF865} = {976114BA-EFD2-4562-80EA-E66636A1543D}
		{B71CD32F-45B0-4118-BEA7-34BFB7CC9A6F} = {976114BA-EFD2-4562-80EA-E66636A1543D}
		{AB91B664-9964-4966-AB96-F4B45B99C2F8} = {976114BA-EFD2-4562-80EA-E66636A1543D}
		{2DD0B88D-CAB7-421D-8B71-4D217B4DD562} = {976114BA-EFD2-4562-80EA-E66636A1543D}
		{F24E5AF1-1585-4659-A37C-CAAE212D65D8} = {024E4C97-BC6A-4137-8D03-61D7BED3A291}
		{B5DCD30F-A319-4C60-BE27-7F9DF88B210B} = {024E4C97-BC6A-4137-8D03-61D7BED3A291}
	EndGlobalSection
EndGlobal
